
Microsoft Visual Studio Solution File, Format Version 12.00
# Visual Studio Version 17
VisualStudioVersion = 17.8.34309.116
MinimumVisualStudioVersion = 10.0.40219.1
Project("{FAE04EC0-301F-11D3-BF4B-00C04F79EFBC}") = "MAUIUnitTest", "MAUIUnitTest\MAUIUnitTest.csproj", "{73B99484-613E-4905-A879-79B7582478C9}"
EndProject
Project("{FAE04EC0-301F-11D3-BF4B-00C04F79EFBC}") = "UnitTest", "UnitTest\UnitTest.csproj", "{8920882A-A23E-4EFE-A79E-BB9531DFD0E1}"
EndProject
Global
	GlobalSection(SolutionConfigurationPlatforms) = preSolution
		Debug|Any CPU = Debug|Any CPU
		Release|Any CPU = Release|Any CPU
	EndGlobalSection
	GlobalSection(ProjectConfigurationPlatforms) = postSolution
		{73B99484-613E-4905-A879-79B7582478C9}.Debug|Any CPU.ActiveCfg = Debug|Any CPU
		{73B99484-613E-4905-A879-79B7582478C9}.Debug|Any CPU.Build.0 = Debug|Any CPU
		{73B99484-613E-4905-A879-79B7582478C9}.Debug|Any CPU.Deploy.0 = Debug|Any CPU
		{73B99484-613E-4905-A879-79B7582478C9}.Release|Any CPU.ActiveCfg = Release|Any CPU
		{73B99484-613E-4905-A879-79B7582478C9}.Release|Any CPU.Build.0 = Release|Any CPU
		{73B99484-613E-4905-A879-79B7582478C9}.Release|Any CPU.Deploy.0 = Release|Any CPU
		{8920882A-A23E-4EFE-A79E-BB9531DFD0E1}.Debug|Any CPU.ActiveCfg = Debug|Any CPU
		{8920882A-A23E-4EFE-A79E-BB9531DFD0E1}.Debug|Any CPU.Build.0 = Debug|Any CPU
		{8920882A-A23E-4EFE-A79E-BB9531DFD0E1}.Release|Any CPU.ActiveCfg = Release|Any CPU
		{8920882A-A23E-4EFE-A79E-BB9531DFD0E1}.Release|Any CPU.Build.0 = Release|Any CPU
	EndGlobalSection
	GlobalSection(SolutionProperties) = preSolution
		HideSolutionNode = FALSE
	EndGlobalSection
	GlobalSection(ExtensibilityGlobals) = postSolution
		SolutionGuid = {1ED87B68-0346-4AEC-8AEF-CBDB48788C73}
	EndGlobalSection
EndGlobal
